Microsoft Visual Studio Solution File, Format Version 12.00
# Visual Studio 14
Project("{8BC9CEB8-8B4A-11D0-8D11-00A0C91BC942}") = "ALL_BUILD", "ALL_BUILD.vcxproj", "{6968D29A-2DAC-4DAC-9E0C-A6CF4102E1D0}"
	ProjectSection(ProjectDependencies) = postProject
		{C9C76367-1093-4788-BE0D-84A21A162F43} = {C9C76367-1093-4788-BE0D-84A21A162F43}
		{F99E0545-D79F-4706-8F36-51F17525B6C4} = {F99E0545-D79F-4706-8F36-51F17525B6C4}
		{3A0E112B-F6A0-4045-BC7E-BFAC750095CD} = {3A0E112B-F6A0-4045-BC7E-BFAC750095CD}
		{3DB02D03-7B47-4B9F-95A4-B54B6DD86D9A} = {3DB02D03-7B47-4B9F-95A4-B54B6DD86D9A}
		{09A81DCA-84DC-4E1F-9EEF-623A3F8F91E0} = {09A81DCA-84DC-4E1F-9EEF-623A3F8F91E0}
		{17C1E16F-C8B2-4E20-BBD3-64C7240BAEFD} = {17C1E16F-C8B2-4E20-BBD3-64C7240BAEFD}
		{2195B64C-ADA6-47AF-9A48-C8AAFA7F84BE} = {2195B64C-ADA6-47AF-9A48-C8AAFA7F84BE}
		{8C01656C-34BF-4319-A977-43FD1B3BC525} = {8C01656C-34BF-4319-A977-43FD1B3BC525}
	EndProjectSection
EndProject
Project("{8BC9CEB8-8B4A-11D0-8D11-00A0C91BC942}") = "OscDump", "OscDump.vcxproj", "{C9C76367-1093-4788-BE0D-84A21A162F43}"
	ProjectSection(ProjectDependencies) = postProject
		{2195B64C-ADA6-47AF-9A48-C8AAFA7F84BE} = {2195B64C-ADA6-47AF-9A48-C8AAFA7F84BE}
		{8C01656C-34BF-4319-A977-43FD1B3BC525} = {8C01656C-34BF-4319-A977-43FD1B3BC525}
	EndProjectSection
EndProject
Project("{8BC9CEB8-8B4A-11D0-8D11-00A0C91BC942}") = "OscReceiveTest", "OscReceiveTest.vcxproj", "{F99E0545-D79F-4706-8F36-51F17525B6C4}"
	ProjectSection(ProjectDependencies) = postProject
		{2195B64C-ADA6-47AF-9A48-C8AAFA7F84BE} = {2195B64C-ADA6-47AF-9A48-C8AAFA7F84BE}
		{8C01656C-34BF-4319-A977-43FD1B3BC525} = {8C01656C-34BF-4319-A977-43FD1B3BC525}
	EndProjectSection
EndProject
Project("{8BC9CEB8-8B4A-11D0-8D11-00A0C91BC942}") = "OscSendTests", "OscSendTests.vcxproj", "{3A0E112B-F6A0-4045-BC7E-BFAC750095CD}"
	ProjectSection(ProjectDependencies) = postProject
		{2195B64C-ADA6-47AF-9A48-C8AAFA7F84BE} = {2195B64C-ADA6-47AF-9A48-C8AAFA7F84BE}
		{8C01656C-34BF-4319-A977-43FD1B3BC525} = {8C01656C-34BF-4319-A977-43FD1B3BC525}
	EndProjectSection
EndProject
Project("{8BC9CEB8-8B4A-11D0-8D11-00A0C91BC942}") = "OscUnitTests", "OscUnitTests.vcxproj", "{3DB02D03-7B47-4B9F-95A4-B54B6DD86D9A}"
	ProjectSection(ProjectDependencies) = postProject
		{2195B64C-ADA6-47AF-9A48-C8AAFA7F84BE} = {2195B64C-ADA6-47AF-9A48-C8AAFA7F84BE}
		{8C01656C-34BF-4319-A977-43FD1B3BC525} = {8C01656C-34BF-4319-A977-43FD1B3BC525}
	EndProjectSection
EndProject
Project("{8BC9CEB8-8B4A-11D0-8D11-00A0C91BC942}") = "SimpleReceive", "SimpleReceive.vcxproj", "{09A81DCA-84DC-4E1F-9EEF-623A3F8F91E0}"
	ProjectSection(ProjectDependencies) = postProject
		{2195B64C-ADA6-47AF-9A48-C8AAFA7F84BE} = {2195B64C-ADA6-47AF-9A48-C8AAFA7F84BE}
		{8C01656C-34BF-4319-A977-43FD1B3BC525} = {8C01656C-34BF-4319-A977-43FD1B3BC525}
	EndProjectSection
EndProject
Project("{8BC9CEB8-8B4A-11D0-8D11-00A0C91BC942}") = "SimpleSend", "SimpleSend.vcxproj", "{17C1E16F-C8B2-4E20-BBD3-64C7240BAEFD}"
	ProjectSection(ProjectDependencies) = postProject
		{2195B64C-ADA6-47AF-9A48-C8AAFA7F84BE} = {2195B64C-ADA6-47AF-9A48-C8AAFA7F84BE}
		{8C01656C-34BF-4319-A977-43FD1B3BC525} = {8C01656C-34BF-4319-A977-43FD1B3BC525}
	EndProjectSection
EndProject
Project("{8BC9CEB8-8B4A-11D0-8D11-00A0C91BC942}") = "ZERO_CHECK", "ZERO_CHECK.vcxproj", "{2195B64C-ADA6-47AF-9A48-C8AAFA7F84BE}"
	ProjectSection(ProjectDependencies) = postProject
	EndProjectSection
EndProject
Project("{8BC9CEB8-8B4A-11D0-8D11-00A0C91BC942}") = "oscpack", "oscpack.vcxproj", "{8C01656C-34BF-4319-A977-43FD1B3BC525}"
	ProjectSection(ProjectDependencies) = postProject
		{2195B64C-ADA6-47AF-9A48-C8AAFA7F84BE} = {2195B64C-ADA6-47AF-9A48-C8AAFA7F84BE}
	EndProjectSection
EndProject
Global
	GlobalSection(SolutionConfigurationPlatforms) = preSolution
		Debug|Win32 = Debug|Win32
		Release|Win32 = Release|Win32
		MinSizeRel|Win32 = MinSizeRel|Win32
		RelWithDebInfo|Win32 = RelWithDebInfo|Win32
	EndGlobalSection
	GlobalSection(ProjectConfigurationPlatforms) = postSolution
		{6968D29A-2DAC-4DAC-9E0C-A6CF4102E1D0}.Debug|Win32.ActiveCfg = Debug|Win32
		{6968D29A-2DAC-4DAC-9E0C-A6CF4102E1D0}.Release|Win32.ActiveCfg = Release|Win32
		{6968D29A-2DAC-4DAC-9E0C-A6CF4102E1D0}.MinSizeRel|Win32.ActiveCfg = MinSizeRel|Win32
		{6968D29A-2DAC-4DAC-9E0C-A6CF4102E1D0}.RelWithDebInfo|Win32.ActiveCfg = RelWithDebInfo|Win32
		{C9C76367-1093-4788-BE0D-84A21A162F43}.Debug|Win32.ActiveCfg = Debug|Win32
		{C9C76367-1093-4788-BE0D-84A21A162F43}.Debug|Win32.Build.0 = Debug|Win32
		{C9C76367-1093-4788-BE0D-84A21A162F43}.Release|Win32.ActiveCfg = Release|Win32
		{C9C76367-1093-4788-BE0D-84A21A162F43}.Release|Win32.Build.0 = Release|Win32
		{C9C76367-1093-4788-BE0D-84A21A162F43}.MinSizeRel|Win32.ActiveCfg = MinSizeRel|Win32
		{C9C76367-1093-4788-BE0D-84A21A162F43}.MinSizeRel|Win32.Build.0 = MinSizeRel|Win32
		{C9C76367-1093-4788-BE0D-84A21A162F43}.RelWithDebInfo|Win32.ActiveCfg = RelWithDebInfo|Win32
		{C9C76367-1093-4788-BE0D-84A21A162F43}.RelWithDebInfo|Win32.Build.0 = RelWithDebInfo|Win32
		{F99E0545-D79F-4706-8F36-51F17525B6C4}.Debug|Win32.ActiveCfg = Debug|Win32
		{F99E0545-D79F-4706-8F36-51F17525B6C4}.Debug|Win32.Build.0 = Debug|Win32
		{F99E0545-D79F-4706-8F36-51F17525B6C4}.Release|Win32.ActiveCfg = Release|Win32
		{F99E0545-D79F-4706-8F36-51F17525B6C4}.Release|Win32.Build.0 = Release|Win32
		{F99E0545-D79F-4706-8F36-51F17525B6C4}.MinSizeRel|Win32.ActiveCfg = MinSizeRel|Win32
		{F99E0545-D79F-4706-8F36-51F17525B6C4}.MinSizeRel|Win32.Build.0 = MinSizeRel|Win32
		{F99E0545-D79F-4706-8F36-51F17525B6C4}.RelWithDebInfo|Win32.ActiveCfg = RelWithDebInfo|Win32
		{F99E0545-D79F-4706-8F36-51F17525B6C4}.RelWithDebInfo|Win32.Build.0 = RelWithDebInfo|Win32
		{3A0E112B-F6A0-4045-BC7E-BFAC750095CD}.Debug|Win32.ActiveCfg = Debug|Win32
		{3A0E112B-F6A0-4045-BC7E-BFAC750095CD}.Debug|Win32.Build.0 = Debug|Win32
		{3A0E112B-F6A0-4045-BC7E-BFAC750095CD}.Release|Win32.ActiveCfg = Release|Win32
		{3A0E112B-F6A0-4045-BC7E-BFAC750095CD}.Release|Win32.Build.0 = Release|Win32
		{3A0E112B-F6A0-4045-BC7E-BFAC750095CD}.MinSizeRel|Win32.ActiveCfg = MinSizeRel|Win32
		{3A0E112B-F6A0-4045-BC7E-BFAC750095CD}.MinSizeRel|Win32.Build.0 = MinSizeRel|Win32
		{3A0E112B-F6A0-4045-BC7E-BFAC750095CD}.RelWithDebInfo|Win32.ActiveCfg = RelWithDebInfo|Win32
		{3A0E112B-F6A0-4045-BC7E-BFAC750095CD}.RelWithDebInfo|Win32.Build.0 = RelWithDebInfo|Win32
		{3DB02D03-7B47-4B9F-95A4-B54B6DD86D9A}.Debug|Win32.ActiveCfg = Debug|Win32
		{3DB02D03-7B47-4B9F-95A4-B54B6DD86D9A}.Debug|Win32.Build.0 = Debug|Win32
		{3DB02D03-7B47-4B9F-95A4-B54B6DD86D9A}.Release|Win32.ActiveCfg = Release|Win32
		{3DB02D03-7B47-4B9F-95A4-B54B6DD86D9A}.Release|Win32.Build.0 = Release|Win32
		{3DB02D03-7B47-4B9F-95A4-B54B6DD86D9A}.MinSizeRel|Win32.ActiveCfg = MinSizeRel|Win32
		{3DB02D03-7B47-4B9F-95A4-B54B6DD86D9A}.MinSizeRel|Win32.Build.0 = MinSizeRel|Win32
		{3DB02D03-7B47-4B9F-95A4-B54B6DD86D9A}.RelWithDebInfo|Win32.ActiveCfg = RelWithDebInfo|Win32
		{3DB02D03-7B47-4B9F-95A4-B54B6DD86D9A}.RelWithDebInfo|Win32.Build.0 = RelWithDebInfo|Win32
		{09A81DCA-84DC-4E1F-9EEF-623A3F8F91E0}.Debug|Win32.ActiveCfg = Debug|Win32
		{09A81DCA-84DC-4E1F-9EEF-623A3F8F91E0}.Debug|Win32.Build.0 = Debug|Win32
		{09A81DCA-84DC-4E1F-9EEF-623A3F8F91E0}.Release|Win32.ActiveCfg = Release|Win32
		{09A81DCA-84DC-4E1F-9EEF-623A3F8F91E0}.Release|Win32.Build.0 = Release|Win32
		{09A81DCA-84DC-4E1F-9EEF-623A3F8F91E0}.MinSizeRel|Win32.ActiveCfg = MinSizeRel|Win32
		{09A81DCA-84DC-4E1F-9EEF-623A3F8F91E0}.MinSizeRel|Win32.Build.0 = MinSizeRel|Win32
		{09A81DCA-84DC-4E1F-9EEF-623A3F8F91E0}.RelWithDebInfo|Win32.ActiveCfg = RelWithDebInfo|Win32
		{09A81DCA-84DC-4E1F-9EEF-623A3F8F91E0}.RelWithDebInfo|Win32.Build.0 = RelWithDebInfo|Win32
		{17C1E16F-C8B2-4E20-BBD3-64C7240BAEFD}.Debug|Win32.ActiveCfg = Debug|Win32
		{17C1E16F-C8B2-4E20-BBD3-64C7240BAEFD}.Debug|Win32.Build.0 = Debug|Win32
		{17C1E16F-C8B2-4E20-BBD3-64C7240BAEFD}.Release|Win32.ActiveCfg = Release|Win32
		{17C1E16F-C8B2-4E20-BBD3-64C7240BAEFD}.Release|Win32.Build.0 = Release|Win32
		{17C1E16F-C8B2-4E20-BBD3-64C7240BAEFD}.MinSizeRel|Win32.ActiveCfg = MinSizeRel|Win32
		{17C1E16F-C8B2-4E20-BBD3-64C7240BAEFD}.MinSizeRel|Win32.Build.0 = MinSizeRel|Win32
		{17C1E16F-C8B2-4E20-BBD3-64C7240BAEFD}.RelWithDebInfo|Win32.ActiveCfg = RelWithDebInfo|Win32
		{17C1E16F-C8B2-4E20-BBD3-64C7240BAEFD}.RelWithDebInfo|Win32.Build.0 = RelWithDebInfo|Win32
		{2195B64C-ADA6-47AF-9A48-C8AAFA7F84BE}.Debug|Win32.ActiveCfg = Debug|Win32
		{2195B64C-ADA6-47AF-9A48-C8AAFA7F84BE}.Debug|Win32.Build.0 = Debug|Win32
		{2195B64C-ADA6-47AF-9A48-C8AAFA7F84BE}.Release|Win32.ActiveCfg = Release|Win32
		{2195B64C-ADA6-47AF-9A48-C8AAFA7F84BE}.Release|Win32.Build.0 = Release|Win32
		{2195B64C-ADA6-47AF-9A48-C8AAFA7F84BE}.MinSizeRel|Win32.ActiveCfg = MinSizeRel|Win32
		{2195B64C-ADA6-47AF-9A48-C8AAFA7F84BE}.MinSizeRel|Win32.Build.0 = MinSizeRel|Win32
		{2195B64C-ADA6-47AF-9A48-C8AAFA7F84BE}.RelWithDebInfo|Win32.ActiveCfg = RelWithDebInfo|Win32
		{2195B64C-ADA6-47AF-9A48-C8AAFA7F84BE}.RelWithDebInfo|Win32.Build.0 = RelWithDebInfo|Win32
		{8C01656C-34BF-4319-A977-43FD1B3BC525}.Debug|Win32.ActiveCfg = Debug|Win32
		{8C01656C-34BF-4319-A977-43FD1B3BC525}.Debug|Win32.Build.0 = Debug|Win32
		{8C01656C-34BF-4319-A977-43FD1B3BC525}.Release|Win32.ActiveCfg = Release|Win32
		{8C01656C-34BF-4319-A977-43FD1B3BC525}.Release|Win32.Build.0 = Release|Win32
		{8C01656C-34BF-4319-A977-43FD1B3BC525}.MinSizeRel|Win32.ActiveCfg = MinSizeRel|Win32
		{8C01656C-34BF-4319-A977-43FD1B3BC525}.MinSizeRel|Win32.Build.0 = MinSizeRel|Win32
		{8C01656C-34BF-4319-A977-43FD1B3BC525}.RelWithDebInfo|Win32.ActiveCfg = RelWithDebInfo|Win32
		{8C01656C-34BF-4319-A977-43FD1B3BC525}.RelWithDebInfo|Win32.Build.0 = RelWithDebInfo|Win32
	EndGlobalSection
	GlobalSection(ExtensibilityGlobals) = postSolution
	EndGlobalSection
	GlobalSection(ExtensibilityAddIns) = postSolution
	EndGlobalSection
EndGlobal
