<?xml version="1.0" encoding="UTF-8"?>
<Project ToolsVersion="14.0" xmlns="http://schemas.microsoft.com/developer/msbuild/2003">
  <ItemGroup>
    <CustomBuild Include="D:\Dev\Protobyte_0.1.6_quark\Protobyte\OtherLibs\oscpack_1_1_0\CMakeFiles\8156ef1a5daa772fdc7991461137fe85\generate.stamp.rule">
      <Filter>CMake Rules</Filter>
    </CustomBuild>
  </ItemGroup>
  <ItemGroup>
    <Filter Include="CMake Rules">
      <UniqueIdentifier>{716A20E7-3C8C-424C-B523-7639902C80C8}</UniqueIdentifier>
    </Filter>
  </ItemGroup>
</Project>
