
Microsoft Visual Studio Solution File, Format Version 12.00
# Visual Studio 14
VisualStudioVersion = 14.0.25420.1
MinimumVisualStudioVersion = 10.0.40219.1
Project("{8BC9CEB8-8B4A-11D0-8D11-00A0C91BC942}") = "crossTest", "crossTest.vcxproj", "{94F65ECF-53BA-4B18-8A9B-30547FD36478}"
EndProject
Global
	GlobalSection(SolutionConfigurationPlatforms) = preSolution
		Debug|x64 = Debug|x64
		Debug|x86 = Debug|x86
		Release|x64 = Release|x64
		Release|x86 = Release|x86
	EndGlobalSection
	GlobalSection(ProjectConfigurationPlatforms) = postSolution
		{94F65ECF-53BA-4B18-8A9B-30547FD36478}.Debug|x64.ActiveCfg = Debug|x64
		{94F65ECF-53BA-4B18-8A9B-30547FD36478}.Debug|x64.Build.0 = Debug|x64
		{94F65ECF-53BA-4B18-8A9B-30547FD36478}.Debug|x86.ActiveCfg = Debug|Win32
		{94F65ECF-53BA-4B18-8A9B-30547FD36478}.Debug|x86.Build.0 = Debug|Win32
		{94F65ECF-53BA-4B18-8A9B-30547FD36478}.Release|x64.ActiveCfg = Release|x64
		{94F65ECF-53BA-4B18-8A9B-30547FD36478}.Release|x64.Build.0 = Release|x64
		{94F65ECF-53BA-4B18-8A9B-30547FD36478}.Release|x86.ActiveCfg = Release|Win32
		{94F65ECF-53BA-4B18-8A9B-30547FD36478}.Release|x86.Build.0 = Release|Win32
	EndGlobalSection
	GlobalSection(SolutionProperties) = preSolution
		HideSolutionNode = FALSE
	EndGlobalSection
EndGlobal
